
Microsoft Visual Studio Solution File, Format Version 12.00
# Visual Studio Version 16
VisualStudioVersion = 16.0.30907.101
MinimumVisualStudioVersion = 10.0.40219.1
Project("{FAE04EC0-301F-11D3-BF4B-00C04F79EFBC}") = "WebApplication3", "WebApplication3\WebApplication3.csproj", "{56437FC3-0C15-4BC5-B160-DDBCB3EB0ADF}"
EndProject
Global
	GlobalSection(SolutionConfigurationPlatforms) = preSolution
		Debug|Any CPU = Debug|Any CPU
		Release|Any CPU = Release|Any CPU
	EndGlobalSection
	GlobalSection(ProjectConfigurationPlatforms) = postSolution
		{56437FC3-0C15-4BC5-B160-DDBCB3EB0ADF}.Debug|Any CPU.ActiveCfg = Debug|Any CPU
		{56437FC3-0C15-4BC5-B160-DDBCB3EB0ADF}.Debug|Any CPU.Build.0 = Debug|Any CPU
		{56437FC3-0C15-4BC5-B160-DDBCB3EB0ADF}.Release|Any CPU.ActiveCfg = Release|Any CPU
		{56437FC3-0C15-4BC5-B160-DDBCB3EB0ADF}.Release|Any CPU.Build.0 = Release|Any CPU
	EndGlobalSection
	GlobalSection(SolutionProperties) = preSolution
		HideSolutionNode = FALSE
	EndGlobalSection
	GlobalSection(ExtensibilityGlobals) = postSolution
		SolutionGuid = {7D9DDE4C-66A2-484A-A383-E8831A1C3C6A}
	EndGlobalSection
EndGlobal
